
Microsoft Visual Studio Solution File, Format Version 12.00
# Visual Studio Version 16
VisualStudioVersion = 16.0.32510.428
MinimumVisualStudioVersion = 10.0.40219.1
Project("{FAE04EC0-301F-11D3-BF4B-00C04F79EFBC}") = "TP_WCF", "TP_WCF\TP_WCF.csproj", "{53D876FB-1A5D-49BE-B4D9-E3F7C4C4C886}"
EndProject
Global
	GlobalSection(SolutionConfigurationPlatforms) = preSolution
		Debug|Any CPU = Debug|Any CPU
		Release|Any CPU = Release|Any CPU
	EndGlobalSection
	GlobalSection(ProjectConfigurationPlatforms) = postSolution
		{53D876FB-1A5D-49BE-B4D9-E3F7C4C4C886}.Debug|Any CPU.ActiveCfg = Debug|Any CPU
		{53D876FB-1A5D-49BE-B4D9-E3F7C4C4C886}.Debug|Any CPU.Build.0 = Debug|Any CPU
		{53D876FB-1A5D-49BE-B4D9-E3F7C4C4C886}.Release|Any CPU.ActiveCfg = Release|Any CPU
		{53D876FB-1A5D-49BE-B4D9-E3F7C4C4C886}.Release|Any CPU.Build.0 = Release|Any CPU
	EndGlobalSection
	GlobalSection(SolutionProperties) = preSolution
		HideSolutionNode = FALSE
	EndGlobalSection
	GlobalSection(ExtensibilityGlobals) = postSolution
		SolutionGuid = {0F170C98-51B0-466D-A480-736C6C668A54}
	EndGlobalSection
EndGlobal
